
Microsoft Visual Studio Solution File, Format Version 12.00
# Visual Studio 2012
Project("{2150E333-8FDC-42A3-9474-1A3956D46DE8}") = "App", "App", "{2CA3A04D-C4B6-4D28-8226-F68786EE6187}"
EndProject
Project("{2150E333-8FDC-42A3-9474-1A3956D46DE8}") = "Api", "Api", "{C174E246-E42C-4022-97D4-EBAC19BBB334}"
EndProject
Project("{262852C6-CD72-467D-83FE-5EEB1973A190}") = "Interation.Repeater.App", "App\Interation.Repeater.App\Interation.Repeater.App.jsproj", "{35C00A7B-6260-4E5E-97AC-588209A593E4}"
EndProject
Project("{FAE04EC0-301F-11D3-BF4B-00C04F79EFBC}") = "Interation.Repeater.Api.Web", "Api\Interation.Repeater.Api.Web\Interation.Repeater.Api.Web.csproj", "{ABC24E1F-FD00-421A-9431-6DE1CD93709A}"
EndProject
Project("{FAE04EC0-301F-11D3-BF4B-00C04F79EFBC}") = "Interation.Repeater.Api.Controllers", "Api\Interation.Repeater.Api.Controllers\Interation.Repeater.Api.Controllers.csproj", "{AE625B31-AEE5-4512-8714-3165F1B19008}"
EndProject
Project("{FAE04EC0-301F-11D3-BF4B-00C04F79EFBC}") = "Interation.Repeater.Api.ViewModel", "Api\Interation.Repeater.Api.ViewModel\Interation.Repeater.Api.ViewModel.csproj", "{09A89558-CF67-490C-B1CD-A8209A131F68}"
EndProject
Project("{2150E333-8FDC-42A3-9474-1A3956D46DE8}") = "Repository", "Repository", "{7EF1E7B3-4E8C-4300-AEE6-F70E49DD7E0E}"
EndProject
Project("{2150E333-8FDC-42A3-9474-1A3956D46DE8}") = "Service", "Service", "{F3E3284C-B089-4DAB-9E7F-14CECDA771D8}"
EndProject
Project("{2150E333-8FDC-42A3-9474-1A3956D46DE8}") = "Core", "Core", "{E56CE69C-ACF1-4E71-9DB4-90CEA662C45D}"
EndProject
Project("{2150E333-8FDC-42A3-9474-1A3956D46DE8}") = "Foundation", "Foundation", "{0C218DCE-D09D-4962-93D7-37829E123F14}"
EndProject
Project("{2150E333-8FDC-42A3-9474-1A3956D46DE8}") = "Testing", "Testing", "{2A5C2080-038C-4A22-84BD-6047E47F4D8A}"
EndProject
Project("{2150E333-8FDC-42A3-9474-1A3956D46DE8}") = "IOC", "IOC", "{0CD2A03F-612E-4898-8B08-F0FB4B987C39}"
EndProject
Project("{FAE04EC0-301F-11D3-BF4B-00C04F79EFBC}") = "Interation.Repeater.IOC", "IOC\Interation.Repeater.IOC\Interation.Repeater.IOC.csproj", "{4960C43A-CEF9-4299-8CCA-2BA96BD1A4CB}"
EndProject
Project("{FAE04EC0-301F-11D3-BF4B-00C04F79EFBC}") = "Interation.Repeater.Repository.Entity", "Repository\Interation.Repeater.Repository.Entity\Interation.Repeater.Repository.Entity.csproj", "{18F59038-AB8E-40B9-AE19-B2E81A0C7DAE}"
EndProject
Project("{FAE04EC0-301F-11D3-BF4B-00C04F79EFBC}") = "Interation.Repeater.Repository.IRepositoryProvider", "Repository\Interation.Repeater.Repository.IRepositoryProvider\Interation.Repeater.Repository.IRepositoryProvider.csproj", "{5C2B02E5-B615-43C6-9826-476D5D543507}"
EndProject
Project("{FAE04EC0-301F-11D3-BF4B-00C04F79EFBC}") = "Interation.Repeater.Repository.RepositoryImplementation", "Repository\Interation.Repeater.Repository.RepositoryImplementation\Interation.Repeater.Repository.RepositoryImplementation.csproj", "{70EC61F7-36B8-4BD4-83C9-9E39218A7A4F}"
EndProject
Project("{FAE04EC0-301F-11D3-BF4B-00C04F79EFBC}") = "Interation.Repeater.Service.Contract", "Service\Interation.Repeater.Service.Contract\Interation.Repeater.Service.Contract.csproj", "{65799BBB-B8C1-4A13-BC0B-60F57F635409}"
EndProject
Project("{FAE04EC0-301F-11D3-BF4B-00C04F79EFBC}") = "Interation.Repeater.Service.IServiceProvider", "Service\Interation.Repeater.Service.IServiceProvider\Interation.Repeater.Service.IServiceProvider.csproj", "{F01D8960-55B2-475C-B294-C8E3A2DF9D83}"
EndProject
Project("{FAE04EC0-301F-11D3-BF4B-00C04F79EFBC}") = "Interation.Repeater.Service.ServiceImplementation", "Service\Interation.Repeater.Service.ServiceImplementation\Interation.Repeater.Service.ServiceImplementation.csproj", "{23F967E5-1D02-42D1-A4C9-7DBDBF63335B}"
EndProject
Project("{FAE04EC0-301F-11D3-BF4B-00C04F79EFBC}") = "Interation.Repeater.Foundation", "Foundation\Interation.Repeater.Foundation\Interation.Repeater.Foundation.csproj", "{0CCC213A-A448-479D-A8B3-AF5DCD3F677C}"
EndProject
Project("{FAE04EC0-301F-11D3-BF4B-00C04F79EFBC}") = "Interation.Repeater.Core", "Core\Interation.Repeater.Core\Interation.Repeater.Core.csproj", "{A5153B81-65FB-44B0-9A88-0E37149576D0}"
EndProject
Project("{FAE04EC0-301F-11D3-BF4B-00C04F79EFBC}") = "Interation.Repeater.Testing.UnitTest", "Testing\Interation.Repeater.Testing.UnitTest\Interation.Repeater.Testing.UnitTest.csproj", "{CC156B82-D63F-4989-B75F-1464C4CB1BF2}"
EndProject
Project("{FAE04EC0-301F-11D3-BF4B-00C04F79EFBC}") = "Template", "C:\Users\Bolun Lee\Desktop\Template\Template.csproj", "{7DDEED6A-9700-4089-8027-0A28782D8840}"
EndProject
Global
	GlobalSection(SolutionConfigurationPlatforms) = preSolution
		Debug|Any CPU = Debug|Any CPU
		Debug|ARM = Debug|ARM
		Debug|x64 = Debug|x64
		Debug|x86 = Debug|x86
		Release|Any CPU = Release|Any CPU
		Release|ARM = Release|ARM
		Release|x64 = Release|x64
		Release|x86 = Release|x86
	EndGlobalSection
	GlobalSection(ProjectConfigurationPlatforms) = postSolution
		{35C00A7B-6260-4E5E-97AC-588209A593E4}.Debug|Any CPU.ActiveCfg = Debug|Any CPU
		{35C00A7B-6260-4E5E-97AC-588209A593E4}.Debug|Any CPU.Build.0 = Debug|Any CPU
		{35C00A7B-6260-4E5E-97AC-588209A593E4}.Debug|Any CPU.Deploy.0 = Debug|Any CPU
		{35C00A7B-6260-4E5E-97AC-588209A593E4}.Debug|ARM.ActiveCfg = Debug|ARM
		{35C00A7B-6260-4E5E-97AC-588209A593E4}.Debug|ARM.Build.0 = Debug|ARM
		{35C00A7B-6260-4E5E-97AC-588209A593E4}.Debug|ARM.Deploy.0 = Debug|ARM
		{35C00A7B-6260-4E5E-97AC-588209A593E4}.Debug|x64.ActiveCfg = Debug|x64
		{35C00A7B-6260-4E5E-97AC-588209A593E4}.Debug|x64.Build.0 = Debug|x64
		{35C00A7B-6260-4E5E-97AC-588209A593E4}.Debug|x64.Deploy.0 = Debug|x64
		{35C00A7B-6260-4E5E-97AC-588209A593E4}.Debug|x86.ActiveCfg = Debug|x86
		{35C00A7B-6260-4E5E-97AC-588209A593E4}.Debug|x86.Build.0 = Debug|x86
		{35C00A7B-6260-4E5E-97AC-588209A593E4}.Debug|x86.Deploy.0 = Debug|x86
		{35C00A7B-6260-4E5E-97AC-588209A593E4}.Release|Any CPU.ActiveCfg = Release|Any CPU
		{35C00A7B-6260-4E5E-97AC-588209A593E4}.Release|Any CPU.Build.0 = Release|Any CPU
		{35C00A7B-6260-4E5E-97AC-588209A593E4}.Release|Any CPU.Deploy.0 = Release|Any CPU
		{35C00A7B-6260-4E5E-97AC-588209A593E4}.Release|ARM.ActiveCfg = Release|ARM
		{35C00A7B-6260-4E5E-97AC-588209A593E4}.Release|ARM.Build.0 = Release|ARM
		{35C00A7B-6260-4E5E-97AC-588209A593E4}.Release|ARM.Deploy.0 = Release|ARM
		{35C00A7B-6260-4E5E-97AC-588209A593E4}.Release|x64.ActiveCfg = Release|x64
		{35C00A7B-6260-4E5E-97AC-588209A593E4}.Release|x64.Build.0 = Release|x64
		{35C00A7B-6260-4E5E-97AC-588209A593E4}.Release|x64.Deploy.0 = Release|x64
		{35C00A7B-6260-4E5E-97AC-588209A593E4}.Release|x86.ActiveCfg = Release|x86
		{35C00A7B-6260-4E5E-97AC-588209A593E4}.Release|x86.Build.0 = Release|x86
		{35C00A7B-6260-4E5E-97AC-588209A593E4}.Release|x86.Deploy.0 = Release|x86
		{ABC24E1F-FD00-421A-9431-6DE1CD93709A}.Debug|Any CPU.ActiveCfg = Debug|Any CPU
		{ABC24E1F-FD00-421A-9431-6DE1CD93709A}.Debug|Any CPU.Build.0 = Debug|Any CPU
		{ABC24E1F-FD00-421A-9431-6DE1CD93709A}.Debug|ARM.ActiveCfg = Debug|Any CPU
		{ABC24E1F-FD00-421A-9431-6DE1CD93709A}.Debug|x64.ActiveCfg = Debug|Any CPU
		{ABC24E1F-FD00-421A-9431-6DE1CD93709A}.Debug|x86.ActiveCfg = Debug|Any CPU
		{ABC24E1F-FD00-421A-9431-6DE1CD93709A}.Release|Any CPU.ActiveCfg = Release|Any CPU
		{ABC24E1F-FD00-421A-9431-6DE1CD93709A}.Release|Any CPU.Build.0 = Release|Any CPU
		{ABC24E1F-FD00-421A-9431-6DE1CD93709A}.Release|ARM.ActiveCfg = Release|Any CPU
		{ABC24E1F-FD00-421A-9431-6DE1CD93709A}.Release|x64.ActiveCfg = Release|Any CPU
		{ABC24E1F-FD00-421A-9431-6DE1CD93709A}.Release|x86.ActiveCfg = Release|Any CPU
		{AE625B31-AEE5-4512-8714-3165F1B19008}.Debug|Any CPU.ActiveCfg = Debug|Any CPU
		{AE625B31-AEE5-4512-8714-3165F1B19008}.Debug|Any CPU.Build.0 = Debug|Any CPU
		{AE625B31-AEE5-4512-8714-3165F1B19008}.Debug|ARM.ActiveCfg = Debug|Any CPU
		{AE625B31-AEE5-4512-8714-3165F1B19008}.Debug|x64.ActiveCfg = Debug|Any CPU
		{AE625B31-AEE5-4512-8714-3165F1B19008}.Debug|x86.ActiveCfg = Debug|Any CPU
		{AE625B31-AEE5-4512-8714-3165F1B19008}.Release|Any CPU.ActiveCfg = Release|Any CPU
		{AE625B31-AEE5-4512-8714-3165F1B19008}.Release|Any CPU.Build.0 = Release|Any CPU
		{AE625B31-AEE5-4512-8714-3165F1B19008}.Release|ARM.ActiveCfg = Release|Any CPU
		{AE625B31-AEE5-4512-8714-3165F1B19008}.Release|x64.ActiveCfg = Release|Any CPU
		{AE625B31-AEE5-4512-8714-3165F1B19008}.Release|x86.ActiveCfg = Release|Any CPU
		{09A89558-CF67-490C-B1CD-A8209A131F68}.Debug|Any CPU.ActiveCfg = Debug|Any CPU
		{09A89558-CF67-490C-B1CD-A8209A131F68}.Debug|Any CPU.Build.0 = Debug|Any CPU
		{09A89558-CF67-490C-B1CD-A8209A131F68}.Debug|ARM.ActiveCfg = Debug|Any CPU
		{09A89558-CF67-490C-B1CD-A8209A131F68}.Debug|x64.ActiveCfg = Debug|Any CPU
		{09A89558-CF67-490C-B1CD-A8209A131F68}.Debug|x86.ActiveCfg = Debug|Any CPU
		{09A89558-CF67-490C-B1CD-A8209A131F68}.Release|Any CPU.ActiveCfg = Release|Any CPU
		{09A89558-CF67-490C-B1CD-A8209A131F68}.Release|Any CPU.Build.0 = Release|Any CPU
		{09A89558-CF67-490C-B1CD-A8209A131F68}.Release|ARM.ActiveCfg = Release|Any CPU
		{09A89558-CF67-490C-B1CD-A8209A131F68}.Release|x64.ActiveCfg = Release|Any CPU
		{09A89558-CF67-490C-B1CD-A8209A131F68}.Release|x86.ActiveCfg = Release|Any CPU
		{4960C43A-CEF9-4299-8CCA-2BA96BD1A4CB}.Debug|Any CPU.ActiveCfg = Debug|Any CPU
		{4960C43A-CEF9-4299-8CCA-2BA96BD1A4CB}.Debug|Any CPU.Build.0 = Debug|Any CPU
		{4960C43A-CEF9-4299-8CCA-2BA96BD1A4CB}.Debug|ARM.ActiveCfg = Debug|Any CPU
		{4960C43A-CEF9-4299-8CCA-2BA96BD1A4CB}.Debug|x64.ActiveCfg = Debug|Any CPU
		{4960C43A-CEF9-4299-8CCA-2BA96BD1A4CB}.Debug|x86.ActiveCfg = Debug|Any CPU
		{4960C43A-CEF9-4299-8CCA-2BA96BD1A4CB}.Release|Any CPU.ActiveCfg = Release|Any CPU
		{4960C43A-CEF9-4299-8CCA-2BA96BD1A4CB}.Release|Any CPU.Build.0 = Release|Any CPU
		{4960C43A-CEF9-4299-8CCA-2BA96BD1A4CB}.Release|ARM.ActiveCfg = Release|Any CPU
		{4960C43A-CEF9-4299-8CCA-2BA96BD1A4CB}.Release|x64.ActiveCfg = Release|Any CPU
		{4960C43A-CEF9-4299-8CCA-2BA96BD1A4CB}.Release|x86.ActiveCfg = Release|Any CPU
		{18F59038-AB8E-40B9-AE19-B2E81A0C7DAE}.Debug|Any CPU.ActiveCfg = Debug|Any CPU
		{18F59038-AB8E-40B9-AE19-B2E81A0C7DAE}.Debug|Any CPU.Build.0 = Debug|Any CPU
		{18F59038-AB8E-40B9-AE19-B2E81A0C7DAE}.Debug|ARM.ActiveCfg = Debug|Any CPU
		{18F59038-AB8E-40B9-AE19-B2E81A0C7DAE}.Debug|x64.ActiveCfg = Debug|Any CPU
		{18F59038-AB8E-40B9-AE19-B2E81A0C7DAE}.Debug|x86.ActiveCfg = Debug|Any CPU
		{18F59038-AB8E-40B9-AE19-B2E81A0C7DAE}.Release|Any CPU.ActiveCfg = Release|Any CPU
		{18F59038-AB8E-40B9-AE19-B2E81A0C7DAE}.Release|Any CPU.Build.0 = Release|Any CPU
		{18F59038-AB8E-40B9-AE19-B2E81A0C7DAE}.Release|ARM.ActiveCfg = Release|Any CPU
		{18F59038-AB8E-40B9-AE19-B2E81A0C7DAE}.Release|x64.ActiveCfg = Release|Any CPU
		{18F59038-AB8E-40B9-AE19-B2E81A0C7DAE}.Release|x86.ActiveCfg = Release|Any CPU
		{5C2B02E5-B615-43C6-9826-476D5D543507}.Debug|Any CPU.ActiveCfg = Debug|Any CPU
		{5C2B02E5-B615-43C6-9826-476D5D543507}.Debug|Any CPU.Build.0 = Debug|Any CPU
		{5C2B02E5-B615-43C6-9826-476D5D543507}.Debug|ARM.ActiveCfg = Debug|Any CPU
		{5C2B02E5-B615-43C6-9826-476D5D543507}.Debug|x64.ActiveCfg = Debug|Any CPU
		{5C2B02E5-B615-43C6-9826-476D5D543507}.Debug|x86.ActiveCfg = Debug|Any CPU
		{5C2B02E5-B615-43C6-9826-476D5D543507}.Release|Any CPU.ActiveCfg = Release|Any CPU
		{5C2B02E5-B615-43C6-9826-476D5D543507}.Release|Any CPU.Build.0 = Release|Any CPU
		{5C2B02E5-B615-43C6-9826-476D5D543507}.Release|ARM.ActiveCfg = Release|Any CPU
		{5C2B02E5-B615-43C6-9826-476D5D543507}.Release|x64.ActiveCfg = Release|Any CPU
		{5C2B02E5-B615-43C6-9826-476D5D543507}.Release|x86.ActiveCfg = Release|Any CPU
		{70EC61F7-36B8-4BD4-83C9-9E39218A7A4F}.Debug|Any CPU.ActiveCfg = Debug|Any CPU
		{70EC61F7-36B8-4BD4-83C9-9E39218A7A4F}.Debug|Any CPU.Build.0 = Debug|Any CPU
		{70EC61F7-36B8-4BD4-83C9-9E39218A7A4F}.Debug|ARM.ActiveCfg = Debug|Any CPU
		{70EC61F7-36B8-4BD4-83C9-9E39218A7A4F}.Debug|x64.ActiveCfg = Debug|Any CPU
		{70EC61F7-36B8-4BD4-83C9-9E39218A7A4F}.Debug|x86.ActiveCfg = Debug|Any CPU
		{70EC61F7-36B8-4BD4-83C9-9E39218A7A4F}.Release|Any CPU.ActiveCfg = Release|Any CPU
		{70EC61F7-36B8-4BD4-83C9-9E39218A7A4F}.Release|Any CPU.Build.0 = Release|Any CPU
		{70EC61F7-36B8-4BD4-83C9-9E39218A7A4F}.Release|ARM.ActiveCfg = Release|Any CPU
		{70EC61F7-36B8-4BD4-83C9-9E39218A7A4F}.Release|x64.ActiveCfg = Release|Any CPU
		{70EC61F7-36B8-4BD4-83C9-9E39218A7A4F}.Release|x86.ActiveCfg = Release|Any CPU
		{65799BBB-B8C1-4A13-BC0B-60F57F635409}.Debug|Any CPU.ActiveCfg = Debug|Any CPU
		{65799BBB-B8C1-4A13-BC0B-60F57F635409}.Debug|Any CPU.Build.0 = Debug|Any CPU
		{65799BBB-B8C1-4A13-BC0B-60F57F635409}.Debug|ARM.ActiveCfg = Debug|Any CPU
		{65799BBB-B8C1-4A13-BC0B-60F57F635409}.Debug|x64.ActiveCfg = Debug|Any CPU
		{65799BBB-B8C1-4A13-BC0B-60F57F635409}.Debug|x86.ActiveCfg = Debug|Any CPU
		{65799BBB-B8C1-4A13-BC0B-60F57F635409}.Release|Any CPU.ActiveCfg = Release|Any CPU
		{65799BBB-B8C1-4A13-BC0B-60F57F635409}.Release|Any CPU.Build.0 = Release|Any CPU
		{65799BBB-B8C1-4A13-BC0B-60F57F635409}.Release|ARM.ActiveCfg = Release|Any CPU
		{65799BBB-B8C1-4A13-BC0B-60F57F635409}.Release|x64.ActiveCfg = Release|Any CPU
		{65799BBB-B8C1-4A13-BC0B-60F57F635409}.Release|x86.ActiveCfg = Release|Any CPU
		{F01D8960-55B2-475C-B294-C8E3A2DF9D83}.Debug|Any CPU.ActiveCfg = Debug|Any CPU
		{F01D8960-55B2-475C-B294-C8E3A2DF9D83}.Debug|Any CPU.Build.0 = Debug|Any CPU
		{F01D8960-55B2-475C-B294-C8E3A2DF9D83}.Debug|ARM.ActiveCfg = Debug|Any CPU
		{F01D8960-55B2-475C-B294-C8E3A2DF9D83}.Debug|x64.ActiveCfg = Debug|Any CPU
		{F01D8960-55B2-475C-B294-C8E3A2DF9D83}.Debug|x86.ActiveCfg = Debug|Any CPU
		{F01D8960-55B2-475C-B294-C8E3A2DF9D83}.Release|Any CPU.ActiveCfg = Release|Any CPU
		{F01D8960-55B2-475C-B294-C8E3A2DF9D83}.Release|Any CPU.Build.0 = Release|Any CPU
		{F01D8960-55B2-475C-B294-C8E3A2DF9D83}.Release|ARM.ActiveCfg = Release|Any CPU
		{F01D8960-55B2-475C-B294-C8E3A2DF9D83}.Release|x64.ActiveCfg = Release|Any CPU
		{F01D8960-55B2-475C-B294-C8E3A2DF9D83}.Release|x86.ActiveCfg = Release|Any CPU
		{23F967E5-1D02-42D1-A4C9-7DBDBF63335B}.Debug|Any CPU.ActiveCfg = Debug|Any CPU
		{23F967E5-1D02-42D1-A4C9-7DBDBF63335B}.Debug|Any CPU.Build.0 = Debug|Any CPU
		{23F967E5-1D02-42D1-A4C9-7DBDBF63335B}.Debug|ARM.ActiveCfg = Debug|Any CPU
		{23F967E5-1D02-42D1-A4C9-7DBDBF63335B}.Debug|x64.ActiveCfg = Debug|Any CPU
		{23F967E5-1D02-42D1-A4C9-7DBDBF63335B}.Debug|x86.ActiveCfg = Debug|Any CPU
		{23F967E5-1D02-42D1-A4C9-7DBDBF63335B}.Release|Any CPU.ActiveCfg = Release|Any CPU
		{23F967E5-1D02-42D1-A4C9-7DBDBF63335B}.Release|Any CPU.Build.0 = Release|Any CPU
		{23F967E5-1D02-42D1-A4C9-7DBDBF63335B}.Release|ARM.ActiveCfg = Release|Any CPU
		{23F967E5-1D02-42D1-A4C9-7DBDBF63335B}.Release|x64.ActiveCfg = Release|Any CPU
		{23F967E5-1D02-42D1-A4C9-7DBDBF63335B}.Release|x86.ActiveCfg = Release|Any CPU
		{0CCC213A-A448-479D-A8B3-AF5DCD3F677C}.Debug|Any CPU.ActiveCfg = Debug|Any CPU
		{0CCC213A-A448-479D-A8B3-AF5DCD3F677C}.Debug|Any CPU.Build.0 = Debug|Any CPU
		{0CCC213A-A448-479D-A8B3-AF5DCD3F677C}.Debug|ARM.ActiveCfg = Debug|Any CPU
		{0CCC213A-A448-479D-A8B3-AF5DCD3F677C}.Debug|x64.ActiveCfg = Debug|Any CPU
		{0CCC213A-A448-479D-A8B3-AF5DCD3F677C}.Debug|x86.ActiveCfg = Debug|Any CPU
		{0CCC213A-A448-479D-A8B3-AF5DCD3F677C}.Release|Any CPU.ActiveCfg = Release|Any CPU
		{0CCC213A-A448-479D-A8B3-AF5DCD3F677C}.Release|Any CPU.Build.0 = Release|Any CPU
		{0CCC213A-A448-479D-A8B3-AF5DCD3F677C}.Release|ARM.ActiveCfg = Release|Any CPU
		{0CCC213A-A448-479D-A8B3-AF5DCD3F677C}.Release|x64.ActiveCfg = Release|Any CPU
		{0CCC213A-A448-479D-A8B3-AF5DCD3F677C}.Release|x86.ActiveCfg = Release|Any CPU
		{A5153B81-65FB-44B0-9A88-0E37149576D0}.Debug|Any CPU.ActiveCfg = Debug|Any CPU
		{A5153B81-65FB-44B0-9A88-0E37149576D0}.Debug|Any CPU.Build.0 = Debug|Any CPU
		{A5153B81-65FB-44B0-9A88-0E37149576D0}.Debug|ARM.ActiveCfg = Debug|Any CPU
		{A5153B81-65FB-44B0-9A88-0E37149576D0}.Debug|x64.ActiveCfg = Debug|Any CPU
		{A5153B81-65FB-44B0-9A88-0E37149576D0}.Debug|x86.ActiveCfg = Debug|Any CPU
		{A5153B81-65FB-44B0-9A88-0E37149576D0}.Release|Any CPU.ActiveCfg = Release|Any CPU
		{A5153B81-65FB-44B0-9A88-0E37149576D0}.Release|Any CPU.Build.0 = Release|Any CPU
		{A5153B81-65FB-44B0-9A88-0E37149576D0}.Release|ARM.ActiveCfg = Release|Any CPU
		{A5153B81-65FB-44B0-9A88-0E37149576D0}.Release|x64.ActiveCfg = Release|Any CPU
		{A5153B81-65FB-44B0-9A88-0E37149576D0}.Release|x86.ActiveCfg = Release|Any CPU
		{CC156B82-D63F-4989-B75F-1464C4CB1BF2}.Debug|Any CPU.ActiveCfg = Debug|Any CPU
		{CC156B82-D63F-4989-B75F-1464C4CB1BF2}.Debug|Any CPU.Build.0 = Debug|Any CPU
		{CC156B82-D63F-4989-B75F-1464C4CB1BF2}.Debug|ARM.ActiveCfg = Debug|Any CPU
		{CC156B82-D63F-4989-B75F-1464C4CB1BF2}.Debug|x64.ActiveCfg = Debug|Any CPU
		{CC156B82-D63F-4989-B75F-1464C4CB1BF2}.Debug|x86.ActiveCfg = Debug|Any CPU
		{CC156B82-D63F-4989-B75F-1464C4CB1BF2}.Release|Any CPU.ActiveCfg = Release|Any CPU
		{CC156B82-D63F-4989-B75F-1464C4CB1BF2}.Release|Any CPU.Build.0 = Release|Any CPU
		{CC156B82-D63F-4989-B75F-1464C4CB1BF2}.Release|ARM.ActiveCfg = Release|Any CPU
		{CC156B82-D63F-4989-B75F-1464C4CB1BF2}.Release|x64.ActiveCfg = Release|Any CPU
		{CC156B82-D63F-4989-B75F-1464C4CB1BF2}.Release|x86.ActiveCfg = Release|Any CPU
		{7DDEED6A-9700-4089-8027-0A28782D8840}.Debug|Any CPU.ActiveCfg = Debug|Any CPU
		{7DDEED6A-9700-4089-8027-0A28782D8840}.Debug|Any CPU.Build.0 = Debug|Any CPU
		{7DDEED6A-9700-4089-8027-0A28782D8840}.Debug|ARM.ActiveCfg = Debug|Any CPU
		{7DDEED6A-9700-4089-8027-0A28782D8840}.Debug|x64.ActiveCfg = Debug|Any CPU
		{7DDEED6A-9700-4089-8027-0A28782D8840}.Debug|x86.ActiveCfg = Debug|Any CPU
		{7DDEED6A-9700-4089-8027-0A28782D8840}.Release|Any CPU.ActiveCfg = Release|Any CPU
		{7DDEED6A-9700-4089-8027-0A28782D8840}.Release|Any CPU.Build.0 = Release|Any CPU
		{7DDEED6A-9700-4089-8027-0A28782D8840}.Release|ARM.ActiveCfg = Release|Any CPU
		{7DDEED6A-9700-4089-8027-0A28782D8840}.Release|x64.ActiveCfg = Release|Any CPU
		{7DDEED6A-9700-4089-8027-0A28782D8840}.Release|x86.ActiveCfg = Release|Any CPU
	EndGlobalSection
	GlobalSection(SolutionProperties) = preSolution
		HideSolutionNode = FALSE
	EndGlobalSection
	GlobalSection(NestedProjects) = preSolution
		{35C00A7B-6260-4E5E-97AC-588209A593E4} = {2CA3A04D-C4B6-4D28-8226-F68786EE6187}
		{ABC24E1F-FD00-421A-9431-6DE1CD93709A} = {C174E246-E42C-4022-97D4-EBAC19BBB334}
		{AE625B31-AEE5-4512-8714-3165F1B19008} = {C174E246-E42C-4022-97D4-EBAC19BBB334}
		{09A89558-CF67-490C-B1CD-A8209A131F68} = {C174E246-E42C-4022-97D4-EBAC19BBB334}
		{18F59038-AB8E-40B9-AE19-B2E81A0C7DAE} = {7EF1E7B3-4E8C-4300-AEE6-F70E49DD7E0E}
		{5C2B02E5-B615-43C6-9826-476D5D543507} = {7EF1E7B3-4E8C-4300-AEE6-F70E49DD7E0E}
		{70EC61F7-36B8-4BD4-83C9-9E39218A7A4F} = {7EF1E7B3-4E8C-4300-AEE6-F70E49DD7E0E}
		{65799BBB-B8C1-4A13-BC0B-60F57F635409} = {F3E3284C-B089-4DAB-9E7F-14CECDA771D8}
		{F01D8960-55B2-475C-B294-C8E3A2DF9D83} = {F3E3284C-B089-4DAB-9E7F-14CECDA771D8}
		{23F967E5-1D02-42D1-A4C9-7DBDBF63335B} = {F3E3284C-B089-4DAB-9E7F-14CECDA771D8}
		{A5153B81-65FB-44B0-9A88-0E37149576D0} = {E56CE69C-ACF1-4E71-9DB4-90CEA662C45D}
		{0CCC213A-A448-479D-A8B3-AF5DCD3F677C} = {0C218DCE-D09D-4962-93D7-37829E123F14}
		{CC156B82-D63F-4989-B75F-1464C4CB1BF2} = {2A5C2080-038C-4A22-84BD-6047E47F4D8A}
		{4960C43A-CEF9-4299-8CCA-2BA96BD1A4CB} = {0CD2A03F-612E-4898-8B08-F0FB4B987C39}
	EndGlobalSection
EndGlobal
